// !$*UTF8*$!
{
	archiveVersion = 1;
	classes = {
	};
	objectVersion = 56;
	objects = {

/* Begin PBXBuildFile section */
		781A23212A263EB100A0B629 /* Assets.xcassets in Resources */ = {isa = PBXBuildFile; fileRef = 781A23202A263EB100A0B629 /* Assets.xcassets */; };
		78543F1C2A24F8A9009D07D5 /* AppDelegate.swift in Sources */ = {isa = PBXBuildFile; fileRef = 78543F1B2A24F8A9009D07D5 /* AppDelegate.swift */; };
		78543F1E2A24F8A9009D07D5 /* SceneDelegate.swift in Sources */ = {isa = PBXBuildFile; fileRef = 78543F1D2A24F8A9009D07D5 /* SceneDelegate.swift */; };
		78543F202A24F8A9009D07D5 /* SoloTodoVC.swift in Sources */ = {isa = PBXBuildFile; fileRef = 78543F1F2A24F8A9009D07D5 /* SoloTodoVC.swift */; };
		78543F232A24F8A9009D07D5 /* Main.storyboard in Resources */ = {isa = PBXBuildFile; fileRef = 78543F212A24F8A9009D07D5 /* Main.storyboard */; };
		78543F282A24F8AA009D07D5 /* LaunchScreen.storyboard in Resources */ = {isa = PBXBuildFile; fileRef = 78543F262A24F8AA009D07D5 /* LaunchScreen.storyboard */; };
		78A6158A2A26E37B00FF4888 /* Pretendard-Regular.otf in Resources */ = {isa = PBXBuildFile; fileRef = 78A615812A26E37A00FF4888 /* Pretendard-Regular.otf */; };
		78A6158B2A26E37B00FF4888 /* Pretendard-Thin.otf in Resources */ = {isa = PBXBuildFile; fileRef = 78A615822A26E37A00FF4888 /* Pretendard-Thin.otf */; };
		78A6158C2A26E37B00FF4888 /* Pretendard-ExtraBold.otf in Resources */ = {isa = PBXBuildFile; fileRef = 78A615832A26E37A00FF4888 /* Pretendard-ExtraBold.otf */; };
		78A6158D2A26E37B00FF4888 /* Pretendard-Light.otf in Resources */ = {isa = PBXBuildFile; fileRef = 78A615842A26E37A00FF4888 /* Pretendard-Light.otf */; };
		78A6158E2A26E37B00FF4888 /* Pretendard-Medium.otf in Resources */ = {isa = PBXBuildFile; fileRef = 78A615852A26E37A00FF4888 /* Pretendard-Medium.otf */; };
		78A6158F2A26E37B00FF4888 /* Pretendard-Bold.otf in Resources */ = {isa = PBXBuildFile; fileRef = 78A615862A26E37A00FF4888 /* Pretendard-Bold.otf */; };
		78A615902A26E37B00FF4888 /* Pretendard-ExtraLight.otf in Resources */ = {isa = PBXBuildFile; fileRef = 78A615872A26E37B00FF4888 /* Pretendard-ExtraLight.otf */; };
		78A615912A26E37B00FF4888 /* Pretendard-Black.otf in Resources */ = {isa = PBXBuildFile; fileRef = 78A615882A26E37B00FF4888 /* Pretendard-Black.otf */; };
		78A615922A26E37B00FF4888 /* Pretendard-SemiBold.otf in Resources */ = {isa = PBXBuildFile; fileRef = 78A615892A26E37B00FF4888 /* Pretendard-SemiBold.otf */; };
		78A615942A26EF4700FF4888 /* SoloCheckViewController.swift in Sources */ = {isa = PBXBuildFile; fileRef = 78A615932A26EF4700FF4888 /* SoloCheckViewController.swift */; };
		AFDF4A71C1654CE347D1BFC6 /* Pods_DoitDoitChu.framework in Frameworks */ = {isa = PBXBuildFile; fileRef = B7F6CBFB82CB86BE9DDCCB4E /* Pods_DoitDoitChu.framework */; };
/* End PBXBuildFile section */

/* Begin PBXFileReference section */
		3C209FECB81ECF38A4A5BB0B /* Pods-DoitDoitChu.release.xcconfig */ = {isa = PBXFileReference; includeInIndex = 1; lastKnownFileType = text.xcconfig; name = "Pods-DoitDoitChu.release.xcconfig"; path = "Target Support Files/Pods-DoitDoitChu/Pods-DoitDoitChu.release.xcconfig"; sourceTree = "<group>"; };
		3C534DA644DFBAFCC55BE0AA /* Pods-DoitDoitChu.debug.xcconfig */ = {isa = PBXFileReference; includeInIndex = 1; lastKnownFileType = text.xcconfig; name = "Pods-DoitDoitChu.debug.xcconfig"; path = "Target Support Files/Pods-DoitDoitChu/Pods-DoitDoitChu.debug.xcconfig"; sourceTree = "<group>"; };
		781A23202A263EB100A0B629 /* Assets.xcassets */ = {isa = PBXFileReference; lastKnownFileType = folder.assetcatalog; path = Assets.xcassets; sourceTree = "<group>"; };
		78543F182A24F8A9009D07D5 /* DoitDoitChu.app */ = {isa = PBXFileReference; explicitFileType = wrapper.application; includeInIndex = 0; path = DoitDoitChu.app; sourceTree = BUILT_PRODUCTS_DIR; };
		78543F1B2A24F8A9009D07D5 /* AppDelegate.swift */ = {isa = PBXFileReference; lastKnownFileType = sourcecode.swift; path = AppDelegate.swift; sourceTree = "<group>"; };
		78543F1D2A24F8A9009D07D5 /* SceneDelegate.swift */ = {isa = PBXFileReference; lastKnownFileType = sourcecode.swift; path = SceneDelegate.swift; sourceTree = "<group>"; };
		78543F1F2A24F8A9009D07D5 /* SoloTodoVC.swift */ = {isa = PBXFileReference; lastKnownFileType = sourcecode.swift; path = SoloTodoVC.swift; sourceTree = "<group>"; };
		78543F222A24F8A9009D07D5 /* Base */ = {isa = PBXFileReference; lastKnownFileType = file.storyboard; name = Base; path = Base.lproj/Main.storyboard; sourceTree = "<group>"; };
		78543F272A24F8AA009D07D5 /* Base */ = {isa = PBXFileReference; lastKnownFileType = file.storyboard; name = Base; path = Base.lproj/LaunchScreen.storyboard; sourceTree = "<group>"; };
		78543F292A24F8AA009D07D5 /* Info.plist */ = {isa = PBXFileReference; lastKnownFileType = text.plist.xml; path = Info.plist; sourceTree = "<group>"; };
		78A615812A26E37A00FF4888 /* Pretendard-Regular.otf */ = {isa = PBXFileReference; lastKnownFileType = file; path = "Pretendard-Regular.otf"; sourceTree = "<group>"; };
		78A615822A26E37A00FF4888 /* Pretendard-Thin.otf */ = {isa = PBXFileReference; lastKnownFileType = file; path = "Pretendard-Thin.otf"; sourceTree = "<group>"; };
		78A615832A26E37A00FF4888 /* Pretendard-ExtraBold.otf */ = {isa = PBXFileReference; lastKnownFileType = file; path = "Pretendard-ExtraBold.otf"; sourceTree = "<group>"; };
		78A615842A26E37A00FF4888 /* Pretendard-Light.otf */ = {isa = PBXFileReference; lastKnownFileType = file; path = "Pretendard-Light.otf"; sourceTree = "<group>"; };
		78A615852A26E37A00FF4888 /* Pretendard-Medium.otf */ = {isa = PBXFileReference; lastKnownFileType = file; path = "Pretendard-Medium.otf"; sourceTree = "<group>"; };
		78A615862A26E37A00FF4888 /* Pretendard-Bold.otf */ = {isa = PBXFileReference; lastKnownFileType = file; path = "Pretendard-Bold.otf"; sourceTree = "<group>"; };
		78A615872A26E37B00FF4888 /* Pretendard-ExtraLight.otf */ = {isa = PBXFileReference; lastKnownFileType = file; path = "Pretendard-ExtraLight.otf"; sourceTree = "<group>"; };
		78A615882A26E37B00FF4888 /* Pretendard-Black.otf */ = {isa = PBXFileReference; lastKnownFileType = file; path = "Pretendard-Black.otf"; sourceTree = "<group>"; };
		78A615892A26E37B00FF4888 /* Pretendard-SemiBold.otf */ = {isa = PBXFileReference; lastKnownFileType = file; path = "Pretendard-SemiBold.otf"; sourceTree = "<group>"; };
		78A615932A26EF4700FF4888 /* SoloCheckViewController.swift */ = {isa = PBXFileReference; lastKnownFileType = sourcecode.swift; path = SoloCheckViewController.swift; sourceTree = "<group>"; };
		B7F6CBFB82CB86BE9DDCCB4E /* Pods_DoitDoitChu.framework */ = {isa = PBXFileReference; explicitFileType = wrapper.framework; includeInIndex = 0; path = Pods_DoitDoitChu.framework; sourceTree = BUILT_PRODUCTS_DIR; };
/* End PBXFileReference section */

/* Begin PBXFrameworksBuildPhase section */
		78543F152A24F8A9009D07D5 /* Frameworks */ = {
			isa = PBXFrameworksBuildPhase;
			buildActionMask = 2147483647;
			files = (
				AFDF4A71C1654CE347D1BFC6 /* Pods_DoitDoitChu.framework in Frameworks */,
			);
			runOnlyForDeploymentPostprocessing = 0;
		};
/* End PBXFrameworksBuildPhase section */

/* Begin PBXGroup section */
		64A73CEBCEDA451E51FDE0C5 /* Frameworks */ = {
			isa = PBXGroup;
			children = (
				B7F6CBFB82CB86BE9DDCCB4E /* Pods_DoitDoitChu.framework */,
			);
			name = Frameworks;
			sourceTree = "<group>";
		};
		781A23142A26366000A0B629 /* Font */ = {
			isa = PBXGroup;
			children = (
				78A615882A26E37B00FF4888 /* Pretendard-Black.otf */,
				78A615862A26E37A00FF4888 /* Pretendard-Bold.otf */,
				78A615832A26E37A00FF4888 /* Pretendard-ExtraBold.otf */,
				78A615872A26E37B00FF4888 /* Pretendard-ExtraLight.otf */,
				78A615842A26E37A00FF4888 /* Pretendard-Light.otf */,
				78A615852A26E37A00FF4888 /* Pretendard-Medium.otf */,
				78A615812A26E37A00FF4888 /* Pretendard-Regular.otf */,
				78A615892A26E37B00FF4888 /* Pretendard-SemiBold.otf */,
				78A615822A26E37A00FF4888 /* Pretendard-Thin.otf */,
			);
			path = Font;
			sourceTree = "<group>";
		};
		78543F0F2A24F8A9009D07D5 = {
			isa = PBXGroup;
			children = (
				78543F1A2A24F8A9009D07D5 /* DoitDoitChu */,
				78543F192A24F8A9009D07D5 /* Products */,
				C48B342473E70FE64F6E8515 /* Pods */,
				64A73CEBCEDA451E51FDE0C5 /* Frameworks */,
			);
			sourceTree = "<group>";
		};
		78543F192A24F8A9009D07D5 /* Products */ = {
			isa = PBXGroup;
			children = (
				78543F182A24F8A9009D07D5 /* DoitDoitChu.app */,
			);
			name = Products;
			sourceTree = "<group>";
		};
		78543F1A2A24F8A9009D07D5 /* DoitDoitChu */ = {
			isa = PBXGroup;
			children = (
				781A23142A26366000A0B629 /* Font */,
				78543F1B2A24F8A9009D07D5 /* AppDelegate.swift */,
				78543F1D2A24F8A9009D07D5 /* SceneDelegate.swift */,
				78543F1F2A24F8A9009D07D5 /* SoloTodoVC.swift */,
				78543F212A24F8A9009D07D5 /* Main.storyboard */,
				78A615932A26EF4700FF4888 /* SoloCheckViewController.swift */,
				781A23202A263EB100A0B629 /* Assets.xcassets */,
				78543F262A24F8AA009D07D5 /* LaunchScreen.storyboard */,
				78543F292A24F8AA009D07D5 /* Info.plist */,
			);
			path = DoitDoitChu;
			sourceTree = "<group>";
		};
		C48B342473E70FE64F6E8515 /* Pods */ = {
			isa = PBXGroup;
			children = (
				3C534DA644DFBAFCC55BE0AA /* Pods-DoitDoitChu.debug.xcconfig */,
				3C209FECB81ECF38A4A5BB0B /* Pods-DoitDoitChu.release.xcconfig */,
			);
			path = Pods;
			sourceTree = "<group>";
		};
/* End PBXGroup section */

/* Begin PBXNativeTarget section */
		78543F172A24F8A9009D07D5 /* DoitDoitChu */ = {
			isa = PBXNativeTarget;
			buildConfigurationList = 78543F2C2A24F8AA009D07D5 /* Build configuration list for PBXNativeTarget "DoitDoitChu" */;
			buildPhases = (
				C9BC752541580D9509333240 /* [CP] Check Pods Manifest.lock */,
				78543F142A24F8A9009D07D5 /* Sources */,
				78543F152A24F8A9009D07D5 /* Frameworks */,
				78543F162A24F8A9009D07D5 /* Resources */,
			);
			buildRules = (
			);
			dependencies = (
			);
			name = DoitDoitChu;
			productName = DoitDoitChu;
			productReference = 78543F182A24F8A9009D07D5 /* DoitDoitChu.app */;
			productType = "com.apple.product-type.application";
		};
/* End PBXNativeTarget section */

/* Begin PBXProject section */
		78543F102A24F8A9009D07D5 /* Project object */ = {
			isa = PBXProject;
			attributes = {
				BuildIndependentTargetsInParallel = 1;
				LastSwiftUpdateCheck = 1420;
				LastUpgradeCheck = 1420;
				TargetAttributes = {
					78543F172A24F8A9009D07D5 = {
						CreatedOnToolsVersion = 14.2;
					};
				};
			};
			buildConfigurationList = 78543F132A24F8A9009D07D5 /* Build configuration list for PBXProject "DoitDoitChu" */;
			compatibilityVersion = "Xcode 14.0";
			developmentRegion = en;
			hasScannedForEncodings = 0;
			knownRegions = (
				en,
				Base,
			);
			mainGroup = 78543F0F2A24F8A9009D07D5;
			productRefGroup = 78543F192A24F8A9009D07D5 /* Products */;
			projectDirPath = "";
			projectRoot = "";
			targets = (
				78543F172A24F8A9009D07D5 /* DoitDoitChu */,
			);
		};
/* End PBXProject section */

/* Begin PBXResourcesBuildPhase section */
		78543F162A24F8A9009D07D5 /* Resources */ = {
			isa = PBXResourcesBuildPhase;
			buildActionMask = 2147483647;
			files = (
				78543F282A24F8AA009D07D5 /* LaunchScreen.storyboard in Resources */,
				78A6158B2A26E37B00FF4888 /* Pretendard-Thin.otf in Resources */,
				78A615902A26E37B00FF4888 /* Pretendard-ExtraLight.otf in Resources */,
				78A615922A26E37B00FF4888 /* Pretendard-SemiBold.otf in Resources */,
				78A6158C2A26E37B00FF4888 /* Pretendard-ExtraBold.otf in Resources */,
				78A6158E2A26E37B00FF4888 /* Pretendard-Medium.otf in Resources */,
				78A6158A2A26E37B00FF4888 /* Pretendard-Regular.otf in Resources */,
				78A615912A26E37B00FF4888 /* Pretendard-Black.otf in Resources */,
				78A6158D2A26E37B00FF4888 /* Pretendard-Light.otf in Resources */,
				781A23212A263EB100A0B629 /* Assets.xcassets in Resources */,
				78A6158F2A26E37B00FF4888 /* Pretendard-Bold.otf in Resources */,
				78543F232A24F8A9009D07D5 /* Main.storyboard in Resources */,
			);
			runOnlyForDeploymentPostprocessing = 0;
		};
/* End PBXResourcesBuildPhase section */

/* Begin PBXShellScriptBuildPhase section */
		C9BC752541580D9509333240 /* [CP] Check Pods Manifest.lock */ = {
			isa = PBXShellScriptBuildPhase;
			buildActionMask = 2147483647;
			files = (
			);
			inputFileListPaths = (
			);
			inputPaths = (
				"${PODS_PODFILE_DIR_PATH}/Podfile.lock",
				"${PODS_ROOT}/Manifest.lock",
			);
			name = "[CP] Check Pods Manifest.lock";
			outputFileListPaths = (
			);
			outputPaths = (
				"$(DERIVED_FILE_DIR)/Pods-DoitDoitChu-checkManifestLockResult.txt",
			);
			runOnlyForDeploymentPostprocessing = 0;
			shellPath = /bin/sh;
			shellScript = "diff \"${PODS_PODFILE_DIR_PATH}/Podfile.lock\" \"${PODS_ROOT}/Manifest.lock\" > /dev/null\nif [ $? != 0 ] ; then\n    # print error to STDERR\n    echo \"error: The sandbox is not in sync with the Podfile.lock. Run 'pod install' or update your CocoaPods installation.\" >&2\n    exit 1\nfi\n# This output is used by Xcode 'outputs' to avoid re-running this script phase.\necho \"SUCCESS\" > \"${SCRIPT_OUTPUT_FILE_0}\"\n";
			showEnvVarsInLog = 0;
		};
/* End PBXShellScriptBuildPhase section */

/* Begin PBXSourcesBuildPhase section */
		78543F142A24F8A9009D07D5 /* Sources */ = {
			isa = PBXSourcesBuildPhase;
			buildActionMask = 2147483647;
			files = (
				78543F202A24F8A9009D07D5 /* SoloTodoVC.swift in Sources */,
				78543F1C2A24F8A9009D07D5 /* AppDelegate.swift in Sources */,
				78A615942A26EF4700FF4888 /* SoloCheckViewController.swift in Sources */,
				78543F1E2A24F8A9009D07D5 /* SceneDelegate.swift in Sources */,
			);
			runOnlyForDeploymentPostprocessing = 0;
		};
/* End PBXSourcesBuildPhase section */

/* Begin PBXVariantGroup section */
		78543F212A24F8A9009D07D5 /* Main.storyboard */ = {
			isa = PBXVariantGroup;
			children = (
				78543F222A24F8A9009D07D5 /* Base */,
			);
			name = Main.storyboard;
			sourceTree = "<group>";
		};
		78543F262A24F8AA009D07D5 /* LaunchScreen.storyboard */ = {
			isa = PBXVariantGroup;
			children = (
				78543F272A24F8AA009D07D5 /* Base */,
			);
			name = LaunchScreen.storyboard;
			sourceTree = "<group>";
		};
/* End PBXVariantGroup section */

/* Begin XCBuildConfiguration section */
		78543F2A2A24F8AA009D07D5 /* Debug */ = {
			isa = XCBuildConfiguration;
			buildSettings = {
				ALWAYS_SEARCH_USER_PATHS = NO;
				CLANG_ANALYZER_NONNULL = YES;
				CLANG_ANALYZER_NUMBER_OBJECT_CONVERSION = YES_AGGRESSIVE;
				CLANG_CXX_LANGUAGE_STANDARD = "gnu++20";
				CLANG_ENABLE_MODULES = YES;
				CLANG_ENABLE_OBJC_ARC = YES;
				CLANG_ENABLE_OBJC_WEAK = YES;
				CLANG_WARN_BLOCK_CAPTURE_AUTORELEASING = YES;
				CLANG_WARN_BOOL_CONVERSION = YES;
				CLANG_WARN_COMMA = YES;
				CLANG_WARN_CONSTANT_CONVERSION = YES;
				CLANG_WARN_DEPRECATED_OBJC_IMPLEMENTATIONS = YES;
				CLANG_WARN_DIRECT_OBJC_ISA_USAGE = YES_ERROR;
				CLANG_WARN_DOCUMENTATION_COMMENTS = YES;
				CLANG_WARN_EMPTY_BODY = YES;
				CLANG_WARN_ENUM_CONVERSION = YES;
				CLANG_WARN_INFINITE_RECURSION = YES;
				CLANG_WARN_INT_CONVERSION = YES;
				CLANG_WARN_NON_LITERAL_NULL_CONVERSION = YES;
				CLANG_WARN_OBJC_IMPLICIT_RETAIN_SELF = YES;
				CLANG_WARN_OBJC_LITERAL_CONVERSION = YES;
				CLANG_WARN_OBJC_ROOT_CLASS = YES_ERROR;
				CLANG_WARN_QUOTED_INCLUDE_IN_FRAMEWORK_HEADER = YES;
				CLANG_WARN_RANGE_LOOP_ANALYSIS = YES;
				CLANG_WARN_STRICT_PROTOTYPES = YES;
				CLANG_WARN_SUSPICIOUS_MOVE = YES;
				CLANG_WARN_UNGUARDED_AVAILABILITY = YES_AGGRESSIVE;
				CLANG_WARN_UNREACHABLE_CODE = YES;
				CLANG_WARN__DUPLICATE_METHOD_MATCH = YES;
				COPY_PHASE_STRIP = NO;
				DEBUG_INFORMATION_FORMAT = dwarf;
				ENABLE_STRICT_OBJC_MSGSEND = YES;
				ENABLE_TESTABILITY = YES;
				GCC_C_LANGUAGE_STANDARD = gnu11;
				GCC_DYNAMIC_NO_PIC = NO;
				GCC_NO_COMMON_BLOCKS = YES;
				GCC_OPTIMIZATION_LEVEL = 0;
				GCC_PREPROCESSOR_DEFINITIONS = (
					"DEBUG=1",
					"$(inherited)",
				);
				GCC_WARN_64_TO_32_BIT_CONVERSION = YES;
				GCC_WARN_ABOUT_RETURN_TYPE = YES_ERROR;
				GCC_WARN_UNDECLARED_SELECTOR = YES;
				GCC_WARN_UNINITIALIZED_AUTOS = YES_AGGRESSIVE;
				GCC_WARN_UNUSED_FUNCTION = YES;
				GCC_WARN_UNUSED_VARIABLE = YES;
				IPHONEOS_DEPLOYMENT_TARGET = 16.2;
				MTL_ENABLE_DEBUG_INFO = INCLUDE_SOURCE;
				MTL_FAST_MATH = YES;
				ONLY_ACTIVE_ARCH = YES;
				SDKROOT = iphoneos;
				SWIFT_ACTIVE_COMPILATION_CONDITIONS = DEBUG;
				SWIFT_OPTIMIZATION_LEVEL = "-Onone";
			};
			name = Debug;
		};
		78543F2B2A24F8AA009D07D5 /* Release */ = {
			isa = XCBuildConfiguration;
			buildSettings = {
				ALWAYS_SEARCH_USER_PATHS = NO;
				CLANG_ANALYZER_NONNULL = YES;
				CLANG_ANALYZER_NUMBER_OBJECT_CONVERSION = YES_AGGRESSIVE;
				CLANG_CXX_LANGUAGE_STANDARD = "gnu++20";
				CLANG_ENABLE_MODULES = YES;
				CLANG_ENABLE_OBJC_ARC = YES;
				CLANG_ENABLE_OBJC_WEAK = YES;
				CLANG_WARN_BLOCK_CAPTURE_AUTORELEASING = YES;
				CLANG_WARN_BOOL_CONVERSION = YES;
				CLANG_WARN_COMMA = YES;
				CLANG_WARN_CONSTANT_CONVERSION = YES;
				CLANG_WARN_DEPRECATED_OBJC_IMPLEMENTATIONS = YES;
				CLANG_WARN_DIRECT_OBJC_ISA_USAGE = YES_ERROR;
				CLANG_WARN_DOCUMENTATION_COMMENTS = YES;
				CLANG_WARN_EMPTY_BODY = YES;
				CLANG_WARN_ENUM_CONVERSION = YES;
				CLANG_WARN_INFINITE_RECURSION = YES;
				CLANG_WARN_INT_CONVERSION = YES;
				CLANG_WARN_NON_LITERAL_NULL_CONVERSION = YES;
				CLANG_WARN_OBJC_IMPLICIT_RETAIN_SELF = YES;
				CLANG_WARN_OBJC_LITERAL_CONVERSION = YES;
				CLANG_WARN_OBJC_ROOT_CLASS = YES_ERROR;
				CLANG_WARN_QUOTED_INCLUDE_IN_FRAMEWORK_HEADER = YES;
				CLANG_WARN_RANGE_LOOP_ANALYSIS = YES;
				CLANG_WARN_STRICT_PROTOTYPES = YES;
				CLANG_WARN_SUSPICIOUS_MOVE = YES;
				CLANG_WARN_UNGUARDED_AVAILABILITY = YES_AGGRESSIVE;
				CLANG_WARN_UNREACHABLE_CODE = YES;
				CLANG_WARN__DUPLICATE_METHOD_MATCH = YES;
				COPY_PHASE_STRIP = NO;
				DEBUG_INFORMATION_FORMAT = "dwarf-with-dsym";
				ENABLE_NS_ASSERTIONS = NO;
				ENABLE_STRICT_OBJC_MSGSEND = YES;
				GCC_C_LANGUAGE_STANDARD = gnu11;
				GCC_NO_COMMON_BLOCKS = YES;
				GCC_WARN_64_TO_32_BIT_CONVERSION = YES;
				GCC_WARN_ABOUT_RETURN_TYPE = YES_ERROR;
				GCC_WARN_UNDECLARED_SELECTOR = YES;
				GCC_WARN_UNINITIALIZED_AUTOS = YES_AGGRESSIVE;
				GCC_WARN_UNUSED_FUNCTION = YES;
				GCC_WARN_UNUSED_VARIABLE = YES;
				IPHONEOS_DEPLOYMENT_TARGET = 16.2;
				MTL_ENABLE_DEBUG_INFO = NO;
				MTL_FAST_MATH = YES;
				SDKROOT = iphoneos;
				SWIFT_COMPILATION_MODE = wholemodule;
				SWIFT_OPTIMIZATION_LEVEL = "-O";
				VALIDATE_PRODUCT = YES;
			};
			name = Release;
		};
		78543F2D2A24F8AA009D07D5 /* Debug */ = {
			isa = XCBuildConfiguration;
			baseConfigurationReference = 3C534DA644DFBAFCC55BE0AA /* Pods-DoitDoitChu.debug.xcconfig */;
			buildSettings = {
				ASSETCATALOG_COMPILER_APPICON_NAME = AppIcon;
				ASSETCATALOG_COMPILER_GLOBAL_ACCENT_COLOR_NAME = AccentColor;
				CODE_SIGN_STYLE = Automatic;
				CURRENT_PROJECT_VERSION = 1;
				DEVELOPMENT_TEAM = D2DRA3F792;
				GENERATE_INFOPLIST_FILE = YES;
				INFOPLIST_FILE = DoitDoitChu/Info.plist;
				INFOPLIST_KEY_UIApplicationSupportsIndirectInputEvents = YES;
				INFOPLIST_KEY_UILaunchStoryboardName = LaunchScreen;
				INFOPLIST_KEY_UIMainStoryboardFile = Main;
				INFOPLIST_KEY_UISupportedInterfaceOrientations_iPad = "UIInterfaceOrientationPortrait UIInterfaceOrientationPortraitUpsideDown UIInterfaceOrientationLandscapeLeft UIInterfaceOrientationLandscapeRight";
				INFOPLIST_KEY_UISupportedInterfaceOrientations_iPhone = "UIInterfaceOrientationPortrait UIInterfaceOrientationLandscapeLeft UIInterfaceOrientationLandscapeRight";
				LD_RUNPATH_SEARCH_PATHS = (
					"$(inherited)",
					"@executable_path/Frameworks",
				);
				MARKETING_VERSION = 1.0;
				PRODUCT_BUNDLE_IDENTIFIER = yizi.DoitDoitChu;
				PRODUCT_NAME = "$(TARGET_NAME)";
				SWIFT_EMIT_LOC_STRINGS = YES;
				SWIFT_VERSION = 5.0;
				TARGETED_DEVICE_FAMILY = "1,2";
			};
			name = Debug;
		};
		78543F2E2A24F8AA009D07D5 /* Release */ = {
			isa = XCBuildConfiguration;
			baseConfigurationReference = 3C209FECB81ECF38A4A5BB0B /* Pods-DoitDoitChu.release.xcconfig */;
			buildSettings = {
				ASSETCATALOG_COMPILER_APPICON_NAME = AppIcon;
				ASSETCATALOG_COMPILER_GLOBAL_ACCENT_COLOR_NAME = AccentColor;
				CODE_SIGN_STYLE = Automatic;
				CURRENT_PROJECT_VERSION = 1;
				DEVELOPMENT_TEAM = D2DRA3F792;
				GENERATE_INFOPLIST_FILE = YES;
				INFOPLIST_FILE = DoitDoitChu/Info.plist;
				INFOPLIST_KEY_UIApplicationSupportsIndirectInputEvents = YES;
				INFOPLIST_KEY_UILaunchStoryboardName = LaunchScreen;
				INFOPLIST_KEY_UIMainStoryboardFile = Main;
				INFOPLIST_KEY_UISupportedInterfaceOrientations_iPad = "UIInterfaceOrientationPortrait UIInterfaceOrientationPortraitUpsideDown UIInterfaceOrientationLandscapeLeft UIInterfaceOrientationLandscapeRight";
				INFOPLIST_KEY_UISupportedInterfaceOrientations_iPhone = "UIInterfaceOrientationPortrait UIInterfaceOrientationLandscapeLeft UIInterfaceOrientationLandscapeRight";
				LD_RUNPATH_SEARCH_PATHS = (
					"$(inherited)",
					"@executable_path/Frameworks",
				);
				MARKETING_VERSION = 1.0;
				PRODUCT_BUNDLE_IDENTIFIER = yizi.DoitDoitChu;
				PRODUCT_NAME = "$(TARGET_NAME)";
				SWIFT_EMIT_LOC_STRINGS = YES;
				SWIFT_VERSION = 5.0;
				TARGETED_DEVICE_FAMILY = "1,2";
			};
			name = Release;
		};
/* End XCBuildConfiguration section */

/* Begin XCConfigurationList section */
		78543F132A24F8A9009D07D5 /* Build configuration list for PBXProject "DoitDoitChu" */ = {
			isa = XCConfigurationList;
			buildConfigurations = (
				78543F2A2A24F8AA009D07D5 /* Debug */,
				78543F2B2A24F8AA009D07D5 /* Release */,
			);
			defaultConfigurationIsVisible = 0;
			defaultConfigurationName = Release;
		};
		78543F2C2A24F8AA009D07D5 /* Build configuration list for PBXNativeTarget "DoitDoitChu" */ = {
			isa = XCConfigurationList;
			buildConfigurations = (
				78543F2D2A24F8AA009D07D5 /* Debug */,
				78543F2E2A24F8AA009D07D5 /* Release */,
			);
			defaultConfigurationIsVisible = 0;
			defaultConfigurationName = Release;
		};
/* End XCConfigurationList section */
	};
	rootObject = 78543F102A24F8A9009D07D5 /* Project object */;
}
